
Microsoft Visual Studio Solution File, Format Version 12.00
# Visual Studio Version 17
VisualStudioVersion = 17.5.002.0
MinimumVisualStudioVersion = 10.0.40219.1
Project("{9A19103F-16F7-4668-BE54-9A1E7A4F7556}") = "simpleAPI_v1", "simpleAPI_v1.csproj", "{070F10B1-A623-49E5-B224-724864F0AAA8}"
EndProject
Global
	GlobalSection(SolutionConfigurationPlatforms) = preSolution
		Debug|Any CPU = Debug|Any CPU
		Release|Any CPU = Release|Any CPU
	EndGlobalSection
	GlobalSection(ProjectConfigurationPlatforms) = postSolution
		{070F10B1-A623-49E5-B224-724864F0AAA8}.Debug|Any CPU.ActiveCfg = Debug|Any CPU
		{070F10B1-A623-49E5-B224-724864F0AAA8}.Debug|Any CPU.Build.0 = Debug|Any CPU
		{070F10B1-A623-49E5-B224-724864F0AAA8}.Release|Any CPU.ActiveCfg = Release|Any CPU
		{070F10B1-A623-49E5-B224-724864F0AAA8}.Release|Any CPU.Build.0 = Release|Any CPU
	EndGlobalSection
	GlobalSection(SolutionProperties) = preSolution
		HideSolutionNode = FALSE
	EndGlobalSection
	GlobalSection(ExtensibilityGlobals) = postSolution
		SolutionGuid = {D53E6360-0381-4996-A64C-919852721FD3}
	EndGlobalSection
EndGlobal
